// !$*UTF8*$!
{
	archiveVersion = 1;
	classes = {
	};
	objectVersion = 56;
	objects = {

/* Begin PBXBuildFile section */
		D61122822D40E1EC0040AD8C /* Week8_Assignment.swift in Sources */ = {isa = PBXBuildFile; fileRef = D61122812D40E1EC0040AD8C /* Week8_Assignment.swift */; };
		D6762EA42CB534FB00530880 /* GDG_WeeklyiOS_Gardeniaa101App.swift in Sources */ = {isa = PBXBuildFile; fileRef = D6762EA32CB534FB00530880 /* GDG_WeeklyiOS_Gardeniaa101App.swift */; };
		D6762EA82CB534FD00530880 /* Assets.xcassets in Resources */ = {isa = PBXBuildFile; fileRef = D6762EA72CB534FD00530880 /* Assets.xcassets */; };
		D6762EAB2CB534FD00530880 /* Preview Assets.xcassets in Resources */ = {isa = PBXBuildFile; fileRef = D6762EAA2CB534FD00530880 /* Preview Assets.xcassets */; };
		D6762EB52CB53AD600530880 /* Week3_Assignment.swift in Sources */ = {isa = PBXBuildFile; fileRef = D6762EB42CB53AD600530880 /* Week3_Assignment.swift */; };
		D67C3A8E2CDA1E8600A0C952 /* Week4_Practice.swift in Sources */ = {isa = PBXBuildFile; fileRef = D67C3A8D2CDA1E8600A0C952 /* Week4_Practice.swift */; };
/* End PBXBuildFile section */

/* Begin PBXFileReference section */
		D61122812D40E1EC0040AD8C /* Week8_Assignment.swift */ = {isa = PBXFileReference; lastKnownFileType = sourcecode.swift; path = Week8_Assignment.swift; sourceTree = "<group>"; };
		D6762EA02CB534FB00530880 /* GDG-WeeklyiOS-Gardeniaa101.app */ = {isa = PBXFileReference; explicitFileType = wrapper.application; includeInIndex = 0; path = "GDG-WeeklyiOS-Gardeniaa101.app"; sourceTree = BUILT_PRODUCTS_DIR; };
		D6762EA32CB534FB00530880 /* GDG_WeeklyiOS_Gardeniaa101App.swift */ = {isa = PBXFileReference; lastKnownFileType = sourcecode.swift; path = GDG_WeeklyiOS_Gardeniaa101App.swift; sourceTree = "<group>"; };
		D6762EA72CB534FD00530880 /* Assets.xcassets */ = {isa = PBXFileReference; lastKnownFileType = folder.assetcatalog; path = Assets.xcassets; sourceTree = "<group>"; };
		D6762EAA2CB534FD00530880 /* Preview Assets.xcassets */ = {isa = PBXFileReference; lastKnownFileType = folder.assetcatalog; path = "Preview Assets.xcassets"; sourceTree = "<group>"; };
		D6762EB42CB53AD600530880 /* Week3_Assignment.swift */ = {isa = PBXFileReference; lastKnownFileType = sourcecode.swift; path = Week3_Assignment.swift; sourceTree = "<group>"; };
		D67C3A8D2CDA1E8600A0C952 /* Week4_Practice.swift */ = {isa = PBXFileReference; lastKnownFileType = sourcecode.swift; path = Week4_Practice.swift; sourceTree = "<group>"; };
/* End PBXFileReference section */

/* Begin PBXFrameworksBuildPhase section */
		D6762E9D2CB534FB00530880 /* Frameworks */ = {
			isa = PBXFrameworksBuildPhase;
			buildActionMask = 2147483647;
			files = (
			);
			runOnlyForDeploymentPostprocessing = 0;
		};
/* End PBXFrameworksBuildPhase section */

/* Begin PBXGroup section */
		D61122832D40E1F00040AD8C /* Week8 */ = {
			isa = PBXGroup;
			children = (
				D61122812D40E1EC0040AD8C /* Week8_Assignment.swift */,
			);
			path = Week8;
			sourceTree = "<group>";
		};
		D6762E972CB534FB00530880 = {
			isa = PBXGroup;
			children = (
				D6762EA22CB534FB00530880 /* GDG-WeeklyiOS-Gardeniaa101 */,
				D6762EA12CB534FB00530880 /* Products */,
			);
			sourceTree = "<group>";
		};
		D6762EA12CB534FB00530880 /* Products */ = {
			isa = PBXGroup;
			children = (
				D6762EA02CB534FB00530880 /* GDG-WeeklyiOS-Gardeniaa101.app */,
			);
			name = Products;
			sourceTree = "<group>";
		};
		D6762EA22CB534FB00530880 /* GDG-WeeklyiOS-Gardeniaa101 */ = {
			isa = PBXGroup;
			children = (
				D6762EA32CB534FB00530880 /* GDG_WeeklyiOS_Gardeniaa101App.swift */,
				D61122832D40E1F00040AD8C /* Week8 */,
				D67C3A8C2CDA1E7700A0C952 /* Week4 */,
				D6762EB12CB5353100530880 /* Week3 */,
				D6762EA72CB534FD00530880 /* Assets.xcassets */,
				D6762EA92CB534FD00530880 /* Preview Content */,
			);
			path = "GDG-WeeklyiOS-Gardeniaa101";
			sourceTree = "<group>";
		};
		D6762EA92CB534FD00530880 /* Preview Content */ = {
			isa = PBXGroup;
			children = (
				D6762EAA2CB534FD00530880 /* Preview Assets.xcassets */,
			);
			path = "Preview Content";
			sourceTree = "<group>";
		};
		D6762EB12CB5353100530880 /* Week3 */ = {
			isa = PBXGroup;
			children = (
				D6762EB42CB53AD600530880 /* Week3_Assignment.swift */,
			);
			path = Week3;
			sourceTree = "<group>";
		};
		D67C3A8C2CDA1E7700A0C952 /* Week4 */ = {
			isa = PBXGroup;
			children = (
				D67C3A8D2CDA1E8600A0C952 /* Week4_Practice.swift */,
			);
			path = Week4;
			sourceTree = "<group>";
		};
/* End PBXGroup section */

/* Begin PBXNativeTarget section */
		D6762E9F2CB534FB00530880 /* GDG-WeeklyiOS-Gardeniaa101 */ = {
			isa = PBXNativeTarget;
			buildConfigurationList = D6762EAE2CB534FD00530880 /* Build configuration list for PBXNativeTarget "GDG-WeeklyiOS-Gardeniaa101" */;
			buildPhases = (
				D6762E9C2CB534FB00530880 /* Sources */,
				D6762E9D2CB534FB00530880 /* Frameworks */,
				D6762E9E2CB534FB00530880 /* Resources */,
			);
			buildRules = (
			);
			dependencies = (
			);
			name = "GDG-WeeklyiOS-Gardeniaa101";
			productName = "GDG-WeeklyiOS-Gardeniaa101";
			productReference = D6762EA02CB534FB00530880 /* GDG-WeeklyiOS-Gardeniaa101.app */;
			productType = "com.apple.product-type.application";
		};
/* End PBXNativeTarget section */

/* Begin PBXProject section */
		D6762E982CB534FB00530880 /* Project object */ = {
			isa = PBXProject;
			attributes = {
				BuildIndependentTargetsInParallel = 1;
				LastSwiftUpdateCheck = 1530;
				LastUpgradeCheck = 1530;
				TargetAttributes = {
					D6762E9F2CB534FB00530880 = {
						CreatedOnToolsVersion = 15.3;
					};
				};
			};
			buildConfigurationList = D6762E9B2CB534FB00530880 /* Build configuration list for PBXProject "GDG-WeeklyiOS-Gardeniaa101" */;
			compatibilityVersion = "Xcode 14.0";
			developmentRegion = en;
			hasScannedForEncodings = 0;
			knownRegions = (
				en,
				Base,
			);
			mainGroup = D6762E972CB534FB00530880;
			productRefGroup = D6762EA12CB534FB00530880 /* Products */;
			projectDirPath = "";
			projectRoot = "";
			targets = (
				D6762E9F2CB534FB00530880 /* GDG-WeeklyiOS-Gardeniaa101 */,
			);
		};
/* End PBXProject section */

/* Begin PBXResourcesBuildPhase section */
		D6762E9E2CB534FB00530880 /* Resources */ = {
			isa = PBXResourcesBuildPhase;
			buildActionMask = 2147483647;
			files = (
				D6762EAB2CB534FD00530880 /* Preview Assets.xcassets in Resources */,
				D6762EA82CB534FD00530880 /* Assets.xcassets in Resources */,
			);
			runOnlyForDeploymentPostprocessing = 0;
		};
/* End PBXResourcesBuildPhase section */

/* Begin PBXSourcesBuildPhase section */
		D6762E9C2CB534FB00530880 /* Sources */ = {
			isa = PBXSourcesBuildPhase;
			buildActionMask = 2147483647;
			files = (
				D6762EB52CB53AD600530880 /* Week3_Assignment.swift in Sources */,
				D67C3A8E2CDA1E8600A0C952 /* Week4_Practice.swift in Sources */,
				D6762EA42CB534FB00530880 /* GDG_WeeklyiOS_Gardeniaa101App.swift in Sources */,
				D61122822D40E1EC0040AD8C /* Week8_Assignment.swift in Sources */,
			);
			runOnlyForDeploymentPostprocessing = 0;
		};
/* End PBXSourcesBuildPhase section */

/* Begin XCBuildConfiguration section */
		D6762EAC2CB534FD00530880 /* Debug */ = {
			isa = XCBuildConfiguration;
			buildSettings = {
				ALWAYS_SEARCH_USER_PATHS = NO;
				ASSETCATALOG_COMPILER_GENERATE_SWIFT_ASSET_SYMBOL_EXTENSIONS = YES;
				CLANG_ANALYZER_NONNULL = YES;
				CLANG_ANALYZER_NUMBER_OBJECT_CONVERSION = YES_AGGRESSIVE;
				CLANG_CXX_LANGUAGE_STANDARD = "gnu++20";
				CLANG_ENABLE_MODULES = YES;
				CLANG_ENABLE_OBJC_ARC = YES;
				CLANG_ENABLE_OBJC_WEAK = YES;
				CLANG_WARN_BLOCK_CAPTURE_AUTORELEASING = YES;
				CLANG_WARN_BOOL_CONVERSION = YES;
				CLANG_WARN_COMMA = YES;
				CLANG_WARN_CONSTANT_CONVERSION = YES;
				CLANG_WARN_DEPRECATED_OBJC_IMPLEMENTATIONS = YES;
				CLANG_WARN_DIRECT_OBJC_ISA_USAGE = YES_ERROR;
				CLANG_WARN_DOCUMENTATION_COMMENTS = YES;
				CLANG_WARN_EMPTY_BODY = YES;
				CLANG_WARN_ENUM_CONVERSION = YES;
				CLANG_WARN_INFINITE_RECURSION = YES;
				CLANG_WARN_INT_CONVERSION = YES;
				CLANG_WARN_NON_LITERAL_NULL_CONVERSION = YES;
				CLANG_WARN_OBJC_IMPLICIT_RETAIN_SELF = YES;
				CLANG_WARN_OBJC_LITERAL_CONVERSION = YES;
				CLANG_WARN_OBJC_ROOT_CLASS = YES_ERROR;
				CLANG_WARN_QUOTED_INCLUDE_IN_FRAMEWORK_HEADER = YES;
				CLANG_WARN_RANGE_LOOP_ANALYSIS = YES;
				CLANG_WARN_STRICT_PROTOTYPES = YES;
				CLANG_WARN_SUSPICIOUS_MOVE = YES;
				CLANG_WARN_UNGUARDED_AVAILABILITY = YES_AGGRESSIVE;
				CLANG_WARN_UNREACHABLE_CODE = YES;
				CLANG_WARN__DUPLICATE_METHOD_MATCH = YES;
				COPY_PHASE_STRIP = NO;
				DEBUG_INFORMATION_FORMAT = dwarf;
				ENABLE_STRICT_OBJC_MSGSEND = YES;
				ENABLE_TESTABILITY = YES;
				ENABLE_USER_SCRIPT_SANDBOXING = YES;
				GCC_C_LANGUAGE_STANDARD = gnu17;
				GCC_DYNAMIC_NO_PIC = NO;
				GCC_NO_COMMON_BLOCKS = YES;
				GCC_OPTIMIZATION_LEVEL = 0;
				GCC_PREPROCESSOR_DEFINITIONS = (
					"DEBUG=1",
					"$(inherited)",
				);
				GCC_WARN_64_TO_32_BIT_CONVERSION = YES;
				GCC_WARN_ABOUT_RETURN_TYPE = YES_ERROR;
				GCC_WARN_UNDECLARED_SELECTOR = YES;
				GCC_WARN_UNINITIALIZED_AUTOS = YES_AGGRESSIVE;
				GCC_WARN_UNUSED_FUNCTION = YES;
				GCC_WARN_UNUSED_VARIABLE = YES;
				IPHONEOS_DEPLOYMENT_TARGET = 17.4;
				LOCALIZATION_PREFERS_STRING_CATALOGS = YES;
				MTL_ENABLE_DEBUG_INFO = INCLUDE_SOURCE;
				MTL_FAST_MATH = YES;
				ONLY_ACTIVE_ARCH = YES;
				SDKROOT = iphoneos;
				SWIFT_ACTIVE_COMPILATION_CONDITIONS = "DEBUG $(inherited)";
				SWIFT_OPTIMIZATION_LEVEL = "-Onone";
			};
			name = Debug;
		};
		D6762EAD2CB534FD00530880 /* Release */ = {
			isa = XCBuildConfiguration;
			buildSettings = {
				ALWAYS_SEARCH_USER_PATHS = NO;
				ASSETCATALOG_COMPILER_GENERATE_SWIFT_ASSET_SYMBOL_EXTENSIONS = YES;
				CLANG_ANALYZER_NONNULL = YES;
				CLANG_ANALYZER_NUMBER_OBJECT_CONVERSION = YES_AGGRESSIVE;
				CLANG_CXX_LANGUAGE_STANDARD = "gnu++20";
				CLANG_ENABLE_MODULES = YES;
				CLANG_ENABLE_OBJC_ARC = YES;
				CLANG_ENABLE_OBJC_WEAK = YES;
				CLANG_WARN_BLOCK_CAPTURE_AUTORELEASING = YES;
				CLANG_WARN_BOOL_CONVERSION = YES;
				CLANG_WARN_COMMA = YES;
				CLANG_WARN_CONSTANT_CONVERSION = YES;
				CLANG_WARN_DEPRECATED_OBJC_IMPLEMENTATIONS = YES;
				CLANG_WARN_DIRECT_OBJC_ISA_USAGE = YES_ERROR;
				CLANG_WARN_DOCUMENTATION_COMMENTS = YES;
				CLANG_WARN_EMPTY_BODY = YES;
				CLANG_WARN_ENUM_CONVERSION = YES;
				CLANG_WARN_INFINITE_RECURSION = YES;
				CLANG_WARN_INT_CONVERSION = YES;
				CLANG_WARN_NON_LITERAL_NULL_CONVERSION = YES;
				CLANG_WARN_OBJC_IMPLICIT_RETAIN_SELF = YES;
				CLANG_WARN_OBJC_LITERAL_CONVERSION = YES;
				CLANG_WARN_OBJC_ROOT_CLASS = YES_ERROR;
				CLANG_WARN_QUOTED_INCLUDE_IN_FRAMEWORK_HEADER = YES;
				CLANG_WARN_RANGE_LOOP_ANALYSIS = YES;
				CLANG_WARN_STRICT_PROTOTYPES = YES;
				CLANG_WARN_SUSPICIOUS_MOVE = YES;
				CLANG_WARN_UNGUARDED_AVAILABILITY = YES_AGGRESSIVE;
				CLANG_WARN_UNREACHABLE_CODE = YES;
				CLANG_WARN__DUPLICATE_METHOD_MATCH = YES;
				COPY_PHASE_STRIP = NO;
				DEBUG_INFORMATION_FORMAT = "dwarf-with-dsym";
				ENABLE_NS_ASSERTIONS = NO;
				ENABLE_STRICT_OBJC_MSGSEND = YES;
				ENABLE_USER_SCRIPT_SANDBOXING = YES;
				GCC_C_LANGUAGE_STANDARD = gnu17;
				GCC_NO_COMMON_BLOCKS = YES;
				GCC_WARN_64_TO_32_BIT_CONVERSION = YES;
				GCC_WARN_ABOUT_RETURN_TYPE = YES_ERROR;
				GCC_WARN_UNDECLARED_SELECTOR = YES;
				GCC_WARN_UNINITIALIZED_AUTOS = YES_AGGRESSIVE;
				GCC_WARN_UNUSED_FUNCTION = YES;
				GCC_WARN_UNUSED_VARIABLE = YES;
				IPHONEOS_DEPLOYMENT_TARGET = 17.4;
				LOCALIZATION_PREFERS_STRING_CATALOGS = YES;
				MTL_ENABLE_DEBUG_INFO = NO;
				MTL_FAST_MATH = YES;
				SDKROOT = iphoneos;
				SWIFT_COMPILATION_MODE = wholemodule;
				VALIDATE_PRODUCT = YES;
			};
			name = Release;
		};
		D6762EAF2CB534FD00530880 /* Debug */ = {
			isa = XCBuildConfiguration;
			buildSettings = {
				ASSETCATALOG_COMPILER_APPICON_NAME = AppIcon;
				ASSETCATALOG_COMPILER_GLOBAL_ACCENT_COLOR_NAME = AccentColor;
				CODE_SIGN_STYLE = Automatic;
				CURRENT_PROJECT_VERSION = 1;
				DEVELOPMENT_ASSET_PATHS = "\"GDG-WeeklyiOS-Gardeniaa101/Preview Content\"";
				DEVELOPMENT_TEAM = G5WGKC822D;
				ENABLE_PREVIEWS = YES;
				GENERATE_INFOPLIST_FILE = YES;
				INFOPLIST_KEY_UIApplicationSceneManifest_Generation = YES;
				INFOPLIST_KEY_UIApplicationSupportsIndirectInputEvents = YES;
				INFOPLIST_KEY_UILaunchScreen_Generation = YES;
				INFOPLIST_KEY_UISupportedInterfaceOrientations_iPad = "UIInterfaceOrientationPortrait UIInterfaceOrientationPortraitUpsideDown UIInterfaceOrientationLandscapeLeft UIInterfaceOrientationLandscapeRight";
				INFOPLIST_KEY_UISupportedInterfaceOrientations_iPhone = "UIInterfaceOrientationPortrait UIInterfaceOrientationLandscapeLeft UIInterfaceOrientationLandscapeRight";
				LD_RUNPATH_SEARCH_PATHS = (
					"$(inherited)",
					"@executable_path/Frameworks",
				);
				MARKETING_VERSION = 1.0;
				PRODUCT_BUNDLE_IDENTIFIER = "gdgoncampus.GDG-WeeklyiOS-Gardeniaa101";
				PRODUCT_NAME = "$(TARGET_NAME)";
				SWIFT_EMIT_LOC_STRINGS = YES;
				SWIFT_VERSION = 5.0;
				TARGETED_DEVICE_FAMILY = "1,2";
			};
			name = Debug;
		};
		D6762EB02CB534FD00530880 /* Release */ = {
			isa = XCBuildConfiguration;
			buildSettings = {
				ASSETCATALOG_COMPILER_APPICON_NAME = AppIcon;
				ASSETCATALOG_COMPILER_GLOBAL_ACCENT_COLOR_NAME = AccentColor;
				CODE_SIGN_STYLE = Automatic;
				CURRENT_PROJECT_VERSION = 1;
				DEVELOPMENT_ASSET_PATHS = "\"GDG-WeeklyiOS-Gardeniaa101/Preview Content\"";
				DEVELOPMENT_TEAM = G5WGKC822D;
				ENABLE_PREVIEWS = YES;
				GENERATE_INFOPLIST_FILE = YES;
				INFOPLIST_KEY_UIApplicationSceneManifest_Generation = YES;
				INFOPLIST_KEY_UIApplicationSupportsIndirectInputEvents = YES;
				INFOPLIST_KEY_UILaunchScreen_Generation = YES;
				INFOPLIST_KEY_UISupportedInterfaceOrientations_iPad = "UIInterfaceOrientationPortrait UIInterfaceOrientationPortraitUpsideDown UIInterfaceOrientationLandscapeLeft UIInterfaceOrientationLandscapeRight";
				INFOPLIST_KEY_UISupportedInterfaceOrientations_iPhone = "UIInterfaceOrientationPortrait UIInterfaceOrientationLandscapeLeft UIInterfaceOrientationLandscapeRight";
				LD_RUNPATH_SEARCH_PATHS = (
					"$(inherited)",
					"@executable_path/Frameworks",
				);
				MARKETING_VERSION = 1.0;
				PRODUCT_BUNDLE_IDENTIFIER = "gdgoncampus.GDG-WeeklyiOS-Gardeniaa101";
				PRODUCT_NAME = "$(TARGET_NAME)";
				SWIFT_EMIT_LOC_STRINGS = YES;
				SWIFT_VERSION = 5.0;
				TARGETED_DEVICE_FAMILY = "1,2";
			};
			name = Release;
		};
/* End XCBuildConfiguration section */

/* Begin XCConfigurationList section */
		D6762E9B2CB534FB00530880 /* Build configuration list for PBXProject "GDG-WeeklyiOS-Gardeniaa101" */ = {
			isa = XCConfigurationList;
			buildConfigurations = (
				D6762EAC2CB534FD00530880 /* Debug */,
				D6762EAD2CB534FD00530880 /* Release */,
			);
			defaultConfigurationIsVisible = 0;
			defaultConfigurationName = Release;
		};
		D6762EAE2CB534FD00530880 /* Build configuration list for PBXNativeTarget "GDG-WeeklyiOS-Gardeniaa101" */ = {
			isa = XCConfigurationList;
			buildConfigurations = (
				D6762EAF2CB534FD00530880 /* Debug */,
				D6762EB02CB534FD00530880 /* Release */,
			);
			defaultConfigurationIsVisible = 0;
			defaultConfigurationName = Release;
		};
/* End XCConfigurationList section */
	};
	rootObject = D6762E982CB534FB00530880 /* Project object */;
}
