// !$*UTF8*$!
{
	archiveVersion = 1;
	classes = {
	};
	objectVersion = 56;
	objects = {

/* Begin PBXBuildFile section */
		91861D132CE3C6E2003D5EF5 /* Week4_Assignment.swift in Sources */ = {isa = PBXBuildFile; fileRef = 91861D122CE3C6E2003D5EF5 /* Week4_Assignment.swift */; };
		91861D162CE3C719003D5EF5 /* Week5_Practice.swift in Sources */ = {isa = PBXBuildFile; fileRef = 91861D152CE3C719003D5EF5 /* Week5_Practice.swift */; };
		91861D182CE3C726003D5EF5 /* Week5_Assignment.swift in Sources */ = {isa = PBXBuildFile; fileRef = 91861D172CE3C726003D5EF5 /* Week5_Assignment.swift */; };
		91D5C2FA2CB5350C001C6F6F /* GDG_WeeklyiOS_binschocolateApp.swift in Sources */ = {isa = PBXBuildFile; fileRef = 91D5C2F92CB5350C001C6F6F /* GDG_WeeklyiOS_binschocolateApp.swift */; };
		91D5C2FE2CB5350D001C6F6F /* Assets.xcassets in Resources */ = {isa = PBXBuildFile; fileRef = 91D5C2FD2CB5350D001C6F6F /* Assets.xcassets */; };
		91D5C3012CB5350D001C6F6F /* Preview Assets.xcassets in Resources */ = {isa = PBXBuildFile; fileRef = 91D5C3002CB5350D001C6F6F /* Preview Assets.xcassets */; };
		91D5C3092CB535BC001C6F6F /* Week3_Practice.swift in Sources */ = {isa = PBXBuildFile; fileRef = 91D5C3082CB535BC001C6F6F /* Week3_Practice.swift */; };
		91D5C30B2CB53AAB001C6F6F /* Week3_Assignment.swift in Sources */ = {isa = PBXBuildFile; fileRef = 91D5C30A2CB53AAB001C6F6F /* Week3_Assignment.swift */; };
		91D5C3132CDA1B75001C6F6F /* Week4_Practice.swift in Sources */ = {isa = PBXBuildFile; fileRef = 91D5C3122CDA1B75001C6F6F /* Week4_Practice.swift */; };
/* End PBXBuildFile section */

/* Begin PBXFileReference section */
		91861D122CE3C6E2003D5EF5 /* Week4_Assignment.swift */ = {isa = PBXFileReference; lastKnownFileType = sourcecode.swift; path = Week4_Assignment.swift; sourceTree = "<group>"; };
		91861D152CE3C719003D5EF5 /* Week5_Practice.swift */ = {isa = PBXFileReference; lastKnownFileType = sourcecode.swift; path = Week5_Practice.swift; sourceTree = "<group>"; };
		91861D172CE3C726003D5EF5 /* Week5_Assignment.swift */ = {isa = PBXFileReference; lastKnownFileType = sourcecode.swift; path = Week5_Assignment.swift; sourceTree = "<group>"; };
		91D5C2F62CB5350C001C6F6F /* GDG-WeeklyiOS-binschocolate.app */ = {isa = PBXFileReference; explicitFileType = wrapper.application; includeInIndex = 0; path = "GDG-WeeklyiOS-binschocolate.app"; sourceTree = BUILT_PRODUCTS_DIR; };
		91D5C2F92CB5350C001C6F6F /* GDG_WeeklyiOS_binschocolateApp.swift */ = {isa = PBXFileReference; lastKnownFileType = sourcecode.swift; path = GDG_WeeklyiOS_binschocolateApp.swift; sourceTree = "<group>"; };
		91D5C2FD2CB5350D001C6F6F /* Assets.xcassets */ = {isa = PBXFileReference; lastKnownFileType = folder.assetcatalog; path = Assets.xcassets; sourceTree = "<group>"; };
		91D5C3002CB5350D001C6F6F /* Preview Assets.xcassets */ = {isa = PBXFileReference; lastKnownFileType = folder.assetcatalog; path = "Preview Assets.xcassets"; sourceTree = "<group>"; };
		91D5C3082CB535BC001C6F6F /* Week3_Practice.swift */ = {isa = PBXFileReference; lastKnownFileType = sourcecode.swift; path = Week3_Practice.swift; sourceTree = "<group>"; };
		91D5C30A2CB53AAB001C6F6F /* Week3_Assignment.swift */ = {isa = PBXFileReference; lastKnownFileType = sourcecode.swift; path = Week3_Assignment.swift; sourceTree = "<group>"; };
		91D5C3122CDA1B75001C6F6F /* Week4_Practice.swift */ = {isa = PBXFileReference; lastKnownFileType = sourcecode.swift; path = Week4_Practice.swift; sourceTree = "<group>"; };
/* End PBXFileReference section */

/* Begin PBXFrameworksBuildPhase section */
		91D5C2F32CB5350C001C6F6F /* Frameworks */ = {
			isa = PBXFrameworksBuildPhase;
			buildActionMask = 2147483647;
			files = (
			);
			runOnlyForDeploymentPostprocessing = 0;
		};
/* End PBXFrameworksBuildPhase section */

/* Begin PBXGroup section */
		91861D142CE3C6F2003D5EF5 /* Week5 */ = {
			isa = PBXGroup;
			children = (
				91861D152CE3C719003D5EF5 /* Week5_Practice.swift */,
				91861D172CE3C726003D5EF5 /* Week5_Assignment.swift */,
			);
			path = Week5;
			sourceTree = "<group>";
		};
		91D5C2ED2CB5350C001C6F6F = {
			isa = PBXGroup;
			children = (
				91D5C2F82CB5350C001C6F6F /* GDG-WeeklyiOS-binschocolate */,
				91D5C2F72CB5350C001C6F6F /* Products */,
			);
			sourceTree = "<group>";
		};
		91D5C2F72CB5350C001C6F6F /* Products */ = {
			isa = PBXGroup;
			children = (
				91D5C2F62CB5350C001C6F6F /* GDG-WeeklyiOS-binschocolate.app */,
			);
			name = Products;
			sourceTree = "<group>";
		};
		91D5C2F82CB5350C001C6F6F /* GDG-WeeklyiOS-binschocolate */ = {
			isa = PBXGroup;
			children = (
				91D5C2F92CB5350C001C6F6F /* GDG_WeeklyiOS_binschocolateApp.swift */,
				91D5C3072CB5359F001C6F6F /* Week3 */,
				91D5C3112CDA1B57001C6F6F /* Week4 */,
				91861D142CE3C6F2003D5EF5 /* Week5 */,
				91D5C2FD2CB5350D001C6F6F /* Assets.xcassets */,
				91D5C2FF2CB5350D001C6F6F /* Preview Content */,
			);
			path = "GDG-WeeklyiOS-binschocolate";
			sourceTree = "<group>";
		};
		91D5C2FF2CB5350D001C6F6F /* Preview Content */ = {
			isa = PBXGroup;
			children = (
				91D5C3002CB5350D001C6F6F /* Preview Assets.xcassets */,
			);
			path = "Preview Content";
			sourceTree = "<group>";
		};
		91D5C3072CB5359F001C6F6F /* Week3 */ = {
			isa = PBXGroup;
			children = (
				91D5C3082CB535BC001C6F6F /* Week3_Practice.swift */,
				91D5C30A2CB53AAB001C6F6F /* Week3_Assignment.swift */,
			);
			path = Week3;
			sourceTree = "<group>";
		};
		91D5C3112CDA1B57001C6F6F /* Week4 */ = {
			isa = PBXGroup;
			children = (
				91D5C3122CDA1B75001C6F6F /* Week4_Practice.swift */,
				91861D122CE3C6E2003D5EF5 /* Week4_Assignment.swift */,
			);
			path = Week4;
			sourceTree = "<group>";
		};
/* End PBXGroup section */

/* Begin PBXNativeTarget section */
		91D5C2F52CB5350C001C6F6F /* GDG-WeeklyiOS-binschocolate */ = {
			isa = PBXNativeTarget;
			buildConfigurationList = 91D5C3042CB5350D001C6F6F /* Build configuration list for PBXNativeTarget "GDG-WeeklyiOS-binschocolate" */;
			buildPhases = (
				91D5C2F22CB5350C001C6F6F /* Sources */,
				91D5C2F32CB5350C001C6F6F /* Frameworks */,
				91D5C2F42CB5350C001C6F6F /* Resources */,
			);
			buildRules = (
			);
			dependencies = (
			);
			name = "GDG-WeeklyiOS-binschocolate";
			productName = "GDG-WeeklyiOS-binschocolate";
			productReference = 91D5C2F62CB5350C001C6F6F /* GDG-WeeklyiOS-binschocolate.app */;
			productType = "com.apple.product-type.application";
		};
/* End PBXNativeTarget section */

/* Begin PBXProject section */
		91D5C2EE2CB5350C001C6F6F /* Project object */ = {
			isa = PBXProject;
			attributes = {
				BuildIndependentTargetsInParallel = 1;
				LastSwiftUpdateCheck = 1540;
				LastUpgradeCheck = 1540;
				TargetAttributes = {
					91D5C2F52CB5350C001C6F6F = {
						CreatedOnToolsVersion = 15.4;
					};
				};
			};
			buildConfigurationList = 91D5C2F12CB5350C001C6F6F /* Build configuration list for PBXProject "GDG-WeeklyiOS-binschocolate" */;
			compatibilityVersion = "Xcode 14.0";
			developmentRegion = en;
			hasScannedForEncodings = 0;
			knownRegions = (
				en,
				Base,
			);
			mainGroup = 91D5C2ED2CB5350C001C6F6F;
			productRefGroup = 91D5C2F72CB5350C001C6F6F /* Products */;
			projectDirPath = "";
			projectRoot = "";
			targets = (
				91D5C2F52CB5350C001C6F6F /* GDG-WeeklyiOS-binschocolate */,
			);
		};
/* End PBXProject section */

/* Begin PBXResourcesBuildPhase section */
		91D5C2F42CB5350C001C6F6F /* Resources */ = {
			isa = PBXResourcesBuildPhase;
			buildActionMask = 2147483647;
			files = (
				91D5C3012CB5350D001C6F6F /* Preview Assets.xcassets in Resources */,
				91D5C2FE2CB5350D001C6F6F /* Assets.xcassets in Resources */,
			);
			runOnlyForDeploymentPostprocessing = 0;
		};
/* End PBXResourcesBuildPhase section */

/* Begin PBXSourcesBuildPhase section */
		91D5C2F22CB5350C001C6F6F /* Sources */ = {
			isa = PBXSourcesBuildPhase;
			buildActionMask = 2147483647;
			files = (
				91D5C30B2CB53AAB001C6F6F /* Week3_Assignment.swift in Sources */,
				91D5C3132CDA1B75001C6F6F /* Week4_Practice.swift in Sources */,
				91D5C2FA2CB5350C001C6F6F /* GDG_WeeklyiOS_binschocolateApp.swift in Sources */,
				91861D182CE3C726003D5EF5 /* Week5_Assignment.swift in Sources */,
				91D5C3092CB535BC001C6F6F /* Week3_Practice.swift in Sources */,
				91861D162CE3C719003D5EF5 /* Week5_Practice.swift in Sources */,
				91861D132CE3C6E2003D5EF5 /* Week4_Assignment.swift in Sources */,
			);
			runOnlyForDeploymentPostprocessing = 0;
		};
/* End PBXSourcesBuildPhase section */

/* Begin XCBuildConfiguration section */
		91D5C3022CB5350D001C6F6F /* Debug */ = {
			isa = XCBuildConfiguration;
			buildSettings = {
				ALWAYS_SEARCH_USER_PATHS = NO;
				ASSETCATALOG_COMPILER_GENERATE_SWIFT_ASSET_SYMBOL_EXTENSIONS = YES;
				CLANG_ANALYZER_NONNULL = YES;
				CLANG_ANALYZER_NUMBER_OBJECT_CONVERSION = YES_AGGRESSIVE;
				CLANG_CXX_LANGUAGE_STANDARD = "gnu++20";
				CLANG_ENABLE_MODULES = YES;
				CLANG_ENABLE_OBJC_ARC = YES;
				CLANG_ENABLE_OBJC_WEAK = YES;
				CLANG_WARN_BLOCK_CAPTURE_AUTORELEASING = YES;
				CLANG_WARN_BOOL_CONVERSION = YES;
				CLANG_WARN_COMMA = YES;
				CLANG_WARN_CONSTANT_CONVERSION = YES;
				CLANG_WARN_DEPRECATED_OBJC_IMPLEMENTATIONS = YES;
				CLANG_WARN_DIRECT_OBJC_ISA_USAGE = YES_ERROR;
				CLANG_WARN_DOCUMENTATION_COMMENTS = YES;
				CLANG_WARN_EMPTY_BODY = YES;
				CLANG_WARN_ENUM_CONVERSION = YES;
				CLANG_WARN_INFINITE_RECURSION = YES;
				CLANG_WARN_INT_CONVERSION = YES;
				CLANG_WARN_NON_LITERAL_NULL_CONVERSION = YES;
				CLANG_WARN_OBJC_IMPLICIT_RETAIN_SELF = YES;
				CLANG_WARN_OBJC_LITERAL_CONVERSION = YES;
				CLANG_WARN_OBJC_ROOT_CLASS = YES_ERROR;
				CLANG_WARN_QUOTED_INCLUDE_IN_FRAMEWORK_HEADER = YES;
				CLANG_WARN_RANGE_LOOP_ANALYSIS = YES;
				CLANG_WARN_STRICT_PROTOTYPES = YES;
				CLANG_WARN_SUSPICIOUS_MOVE = YES;
				CLANG_WARN_UNGUARDED_AVAILABILITY = YES_AGGRESSIVE;
				CLANG_WARN_UNREACHABLE_CODE = YES;
				CLANG_WARN__DUPLICATE_METHOD_MATCH = YES;
				COPY_PHASE_STRIP = NO;
				DEBUG_INFORMATION_FORMAT = dwarf;
				ENABLE_STRICT_OBJC_MSGSEND = YES;
				ENABLE_TESTABILITY = YES;
				ENABLE_USER_SCRIPT_SANDBOXING = YES;
				GCC_C_LANGUAGE_STANDARD = gnu17;
				GCC_DYNAMIC_NO_PIC = NO;
				GCC_NO_COMMON_BLOCKS = YES;
				GCC_OPTIMIZATION_LEVEL = 0;
				GCC_PREPROCESSOR_DEFINITIONS = (
					"DEBUG=1",
					"$(inherited)",
				);
				GCC_WARN_64_TO_32_BIT_CONVERSION = YES;
				GCC_WARN_ABOUT_RETURN_TYPE = YES_ERROR;
				GCC_WARN_UNDECLARED_SELECTOR = YES;
				GCC_WARN_UNINITIALIZED_AUTOS = YES_AGGRESSIVE;
				GCC_WARN_UNUSED_FUNCTION = YES;
				GCC_WARN_UNUSED_VARIABLE = YES;
				IPHONEOS_DEPLOYMENT_TARGET = 17.5;
				LOCALIZATION_PREFERS_STRING_CATALOGS = YES;
				MTL_ENABLE_DEBUG_INFO = INCLUDE_SOURCE;
				MTL_FAST_MATH = YES;
				ONLY_ACTIVE_ARCH = YES;
				SDKROOT = iphoneos;
				SWIFT_ACTIVE_COMPILATION_CONDITIONS = "DEBUG $(inherited)";
				SWIFT_OPTIMIZATION_LEVEL = "-Onone";
			};
			name = Debug;
		};
		91D5C3032CB5350D001C6F6F /* Release */ = {
			isa = XCBuildConfiguration;
			buildSettings = {
				ALWAYS_SEARCH_USER_PATHS = NO;
				ASSETCATALOG_COMPILER_GENERATE_SWIFT_ASSET_SYMBOL_EXTENSIONS = YES;
				CLANG_ANALYZER_NONNULL = YES;
				CLANG_ANALYZER_NUMBER_OBJECT_CONVERSION = YES_AGGRESSIVE;
				CLANG_CXX_LANGUAGE_STANDARD = "gnu++20";
				CLANG_ENABLE_MODULES = YES;
				CLANG_ENABLE_OBJC_ARC = YES;
				CLANG_ENABLE_OBJC_WEAK = YES;
				CLANG_WARN_BLOCK_CAPTURE_AUTORELEASING = YES;
				CLANG_WARN_BOOL_CONVERSION = YES;
				CLANG_WARN_COMMA = YES;
				CLANG_WARN_CONSTANT_CONVERSION = YES;
				CLANG_WARN_DEPRECATED_OBJC_IMPLEMENTATIONS = YES;
				CLANG_WARN_DIRECT_OBJC_ISA_USAGE = YES_ERROR;
				CLANG_WARN_DOCUMENTATION_COMMENTS = YES;
				CLANG_WARN_EMPTY_BODY = YES;
				CLANG_WARN_ENUM_CONVERSION = YES;
				CLANG_WARN_INFINITE_RECURSION = YES;
				CLANG_WARN_INT_CONVERSION = YES;
				CLANG_WARN_NON_LITERAL_NULL_CONVERSION = YES;
				CLANG_WARN_OBJC_IMPLICIT_RETAIN_SELF = YES;
				CLANG_WARN_OBJC_LITERAL_CONVERSION = YES;
				CLANG_WARN_OBJC_ROOT_CLASS = YES_ERROR;
				CLANG_WARN_QUOTED_INCLUDE_IN_FRAMEWORK_HEADER = YES;
				CLANG_WARN_RANGE_LOOP_ANALYSIS = YES;
				CLANG_WARN_STRICT_PROTOTYPES = YES;
				CLANG_WARN_SUSPICIOUS_MOVE = YES;
				CLANG_WARN_UNGUARDED_AVAILABILITY = YES_AGGRESSIVE;
				CLANG_WARN_UNREACHABLE_CODE = YES;
				CLANG_WARN__DUPLICATE_METHOD_MATCH = YES;
				COPY_PHASE_STRIP = NO;
				DEBUG_INFORMATION_FORMAT = "dwarf-with-dsym";
				ENABLE_NS_ASSERTIONS = NO;
				ENABLE_STRICT_OBJC_MSGSEND = YES;
				ENABLE_USER_SCRIPT_SANDBOXING = YES;
				GCC_C_LANGUAGE_STANDARD = gnu17;
				GCC_NO_COMMON_BLOCKS = YES;
				GCC_WARN_64_TO_32_BIT_CONVERSION = YES;
				GCC_WARN_ABOUT_RETURN_TYPE = YES_ERROR;
				GCC_WARN_UNDECLARED_SELECTOR = YES;
				GCC_WARN_UNINITIALIZED_AUTOS = YES_AGGRESSIVE;
				GCC_WARN_UNUSED_FUNCTION = YES;
				GCC_WARN_UNUSED_VARIABLE = YES;
				IPHONEOS_DEPLOYMENT_TARGET = 17.5;
				LOCALIZATION_PREFERS_STRING_CATALOGS = YES;
				MTL_ENABLE_DEBUG_INFO = NO;
				MTL_FAST_MATH = YES;
				SDKROOT = iphoneos;
				SWIFT_COMPILATION_MODE = wholemodule;
				VALIDATE_PRODUCT = YES;
			};
			name = Release;
		};
		91D5C3052CB5350D001C6F6F /* Debug */ = {
			isa = XCBuildConfiguration;
			buildSettings = {
				ASSETCATALOG_COMPILER_APPICON_NAME = AppIcon;
				ASSETCATALOG_COMPILER_GLOBAL_ACCENT_COLOR_NAME = AccentColor;
				CODE_SIGN_STYLE = Automatic;
				CURRENT_PROJECT_VERSION = 1;
				DEVELOPMENT_ASSET_PATHS = "\"GDG-WeeklyiOS-binschocolate/Preview Content\"";
				DEVELOPMENT_TEAM = 94J95XG5QV;
				ENABLE_PREVIEWS = YES;
				GENERATE_INFOPLIST_FILE = YES;
				INFOPLIST_KEY_UIApplicationSceneManifest_Generation = YES;
				INFOPLIST_KEY_UIApplicationSupportsIndirectInputEvents = YES;
				INFOPLIST_KEY_UILaunchScreen_Generation = YES;
				INFOPLIST_KEY_UISupportedInterfaceOrientations_iPad = "UIInterfaceOrientationPortrait UIInterfaceOrientationPortraitUpsideDown UIInterfaceOrientationLandscapeLeft UIInterfaceOrientationLandscapeRight";
				INFOPLIST_KEY_UISupportedInterfaceOrientations_iPhone = "UIInterfaceOrientationPortrait UIInterfaceOrientationLandscapeLeft UIInterfaceOrientationLandscapeRight";
				INFOPLIST_KEY_UIUserInterfaceStyle = Dark;
				LD_RUNPATH_SEARCH_PATHS = (
					"$(inherited)",
					"@executable_path/Frameworks",
				);
				MARKETING_VERSION = 1.0;
				PRODUCT_BUNDLE_IDENTIFIER = "gdgoncampus.GDG-WeeklyiOS-binschocolate";
				PRODUCT_NAME = "$(TARGET_NAME)";
				SUPPORTED_PLATFORMS = "iphoneos iphonesimulator";
				SUPPORTS_MACCATALYST = NO;
				SUPPORTS_MAC_DESIGNED_FOR_IPHONE_IPAD = NO;
				SUPPORTS_XR_DESIGNED_FOR_IPHONE_IPAD = NO;
				SWIFT_EMIT_LOC_STRINGS = YES;
				SWIFT_VERSION = 5.0;
				TARGETED_DEVICE_FAMILY = 1;
			};
			name = Debug;
		};
		91D5C3062CB5350D001C6F6F /* Release */ = {
			isa = XCBuildConfiguration;
			buildSettings = {
				ASSETCATALOG_COMPILER_APPICON_NAME = AppIcon;
				ASSETCATALOG_COMPILER_GLOBAL_ACCENT_COLOR_NAME = AccentColor;
				CODE_SIGN_STYLE = Automatic;
				CURRENT_PROJECT_VERSION = 1;
				DEVELOPMENT_ASSET_PATHS = "\"GDG-WeeklyiOS-binschocolate/Preview Content\"";
				DEVELOPMENT_TEAM = 94J95XG5QV;
				ENABLE_PREVIEWS = YES;
				GENERATE_INFOPLIST_FILE = YES;
				INFOPLIST_KEY_UIApplicationSceneManifest_Generation = YES;
				INFOPLIST_KEY_UIApplicationSupportsIndirectInputEvents = YES;
				INFOPLIST_KEY_UILaunchScreen_Generation = YES;
				INFOPLIST_KEY_UISupportedInterfaceOrientations_iPad = "UIInterfaceOrientationPortrait UIInterfaceOrientationPortraitUpsideDown UIInterfaceOrientationLandscapeLeft UIInterfaceOrientationLandscapeRight";
				INFOPLIST_KEY_UISupportedInterfaceOrientations_iPhone = "UIInterfaceOrientationPortrait UIInterfaceOrientationLandscapeLeft UIInterfaceOrientationLandscapeRight";
				INFOPLIST_KEY_UIUserInterfaceStyle = Dark;
				LD_RUNPATH_SEARCH_PATHS = (
					"$(inherited)",
					"@executable_path/Frameworks",
				);
				MARKETING_VERSION = 1.0;
				PRODUCT_BUNDLE_IDENTIFIER = "gdgoncampus.GDG-WeeklyiOS-binschocolate";
				PRODUCT_NAME = "$(TARGET_NAME)";
				SUPPORTED_PLATFORMS = "iphoneos iphonesimulator";
				SUPPORTS_MACCATALYST = NO;
				SUPPORTS_MAC_DESIGNED_FOR_IPHONE_IPAD = NO;
				SUPPORTS_XR_DESIGNED_FOR_IPHONE_IPAD = NO;
				SWIFT_EMIT_LOC_STRINGS = YES;
				SWIFT_VERSION = 5.0;
				TARGETED_DEVICE_FAMILY = 1;
			};
			name = Release;
		};
/* End XCBuildConfiguration section */

/* Begin XCConfigurationList section */
		91D5C2F12CB5350C001C6F6F /* Build configuration list for PBXProject "GDG-WeeklyiOS-binschocolate" */ = {
			isa = XCConfigurationList;
			buildConfigurations = (
				91D5C3022CB5350D001C6F6F /* Debug */,
				91D5C3032CB5350D001C6F6F /* Release */,
			);
			defaultConfigurationIsVisible = 0;
			defaultConfigurationName = Release;
		};
		91D5C3042CB5350D001C6F6F /* Build configuration list for PBXNativeTarget "GDG-WeeklyiOS-binschocolate" */ = {
			isa = XCConfigurationList;
			buildConfigurations = (
				91D5C3052CB5350D001C6F6F /* Debug */,
				91D5C3062CB5350D001C6F6F /* Release */,
			);
			defaultConfigurationIsVisible = 0;
			defaultConfigurationName = Release;
		};
/* End XCConfigurationList section */
	};
	rootObject = 91D5C2EE2CB5350C001C6F6F /* Project object */;
}
