// !$*UTF8*$!
{
	archiveVersion = 1;
	classes = {
	};
	objectVersion = 77;
	objects = {

/* Begin PBXContainerItemProxy section */
		06CA14D62CDA176700DDC90D /* PBXContainerItemProxy */ = {
			isa = PBXContainerItemProxy;
			containerPortal = 06CA14BD2CDA176600DDC90D /* Project object */;
			proxyType = 1;
			remoteGlobalIDString = 06CA14C42CDA176600DDC90D;
			remoteInfo = gdgoncammm02;
		};
		06CA14E02CDA176700DDC90D /* PBXContainerItemProxy */ = {
			isa = PBXContainerItemProxy;
			containerPortal = 06CA14BD2CDA176600DDC90D /* Project object */;
			proxyType = 1;
			remoteGlobalIDString = 06CA14C42CDA176600DDC90D;
			remoteInfo = gdgoncammm02;
		};
/* End PBXContainerItemProxy section */

/* Begin PBXFileReference section */
		06CA14C52CDA176600DDC90D /* GDG_WeeklyiOS_week4-Sumin.app */ = {isa = PBXFileReference; explicitFileType = wrapper.application; includeInIndex = 0; path = "GDG_WeeklyiOS_week4-Sumin.app"; sourceTree = BUILT_PRODUCTS_DIR; };
		06CA14D52CDA176700DDC90D /* GDG_WeeklyiOS_week4-SuminTests.xctest */ = {isa = PBXFileReference; explicitFileType = wrapper.cfbundle; includeInIndex = 0; path = "GDG_WeeklyiOS_week4-SuminTests.xctest"; sourceTree = BUILT_PRODUCTS_DIR; };
		06CA14DF2CDA176700DDC90D /* GDG_WeeklyiOS_week4-SuminUITests.xctest */ = {isa = PBXFileReference; explicitFileType = wrapper.cfbundle; includeInIndex = 0; path = "GDG_WeeklyiOS_week4-SuminUITests.xctest"; sourceTree = BUILT_PRODUCTS_DIR; };
/* End PBXFileReference section */

/* Begin PBXFileSystemSynchronizedRootGroup section */
		06CA14C72CDA176600DDC90D /* gdgoncammm02 */ = {
			isa = PBXFileSystemSynchronizedRootGroup;
			path = gdgoncammm02;
			sourceTree = "<group>";
		};
		06CA14D82CDA176700DDC90D /* gdgoncammm02Tests */ = {
			isa = PBXFileSystemSynchronizedRootGroup;
			path = gdgoncammm02Tests;
			sourceTree = "<group>";
		};
		06CA14E22CDA176700DDC90D /* gdgoncammm02UITests */ = {
			isa = PBXFileSystemSynchronizedRootGroup;
			path = gdgoncammm02UITests;
			sourceTree = "<group>";
		};
/* End PBXFileSystemSynchronizedRootGroup section */

/* Begin PBXFrameworksBuildPhase section */
		06CA14C22CDA176600DDC90D /* Frameworks */ = {
			isa = PBXFrameworksBuildPhase;
			buildActionMask = 2147483647;
			files = (
			);
			runOnlyForDeploymentPostprocessing = 0;
		};
		06CA14D22CDA176700DDC90D /* Frameworks */ = {
			isa = PBXFrameworksBuildPhase;
			buildActionMask = 2147483647;
			files = (
			);
			runOnlyForDeploymentPostprocessing = 0;
		};
		06CA14DC2CDA176700DDC90D /* Frameworks */ = {
			isa = PBXFrameworksBuildPhase;
			buildActionMask = 2147483647;
			files = (
			);
			runOnlyForDeploymentPostprocessing = 0;
		};
/* End PBXFrameworksBuildPhase section */

/* Begin PBXGroup section */
		06CA14BC2CDA176600DDC90D = {
			isa = PBXGroup;
			children = (
				06CA14C72CDA176600DDC90D /* gdgoncammm02 */,
				06CA14D82CDA176700DDC90D /* gdgoncammm02Tests */,
				06CA14E22CDA176700DDC90D /* gdgoncammm02UITests */,
				06CA14C62CDA176600DDC90D /* Products */,
			);
			sourceTree = "<group>";
		};
		06CA14C62CDA176600DDC90D /* Products */ = {
			isa = PBXGroup;
			children = (
				06CA14C52CDA176600DDC90D /* GDG_WeeklyiOS_week4-Sumin.app */,
				06CA14D52CDA176700DDC90D /* GDG_WeeklyiOS_week4-SuminTests.xctest */,
				06CA14DF2CDA176700DDC90D /* GDG_WeeklyiOS_week4-SuminUITests.xctest */,
			);
			name = Products;
			sourceTree = "<group>";
		};
/* End PBXGroup section */

/* Begin PBXNativeTarget section */
		06CA14C42CDA176600DDC90D /* GDG_WeeklyiOS_week4-Sumin */ = {
			isa = PBXNativeTarget;
			buildConfigurationList = 06CA14E92CDA176700DDC90D /* Build configuration list for PBXNativeTarget "GDG_WeeklyiOS_week4-Sumin" */;
			buildPhases = (
				06CA14C12CDA176600DDC90D /* Sources */,
				06CA14C22CDA176600DDC90D /* Frameworks */,
				06CA14C32CDA176600DDC90D /* Resources */,
			);
			buildRules = (
			);
			dependencies = (
			);
			fileSystemSynchronizedGroups = (
				06CA14C72CDA176600DDC90D /* gdgoncammm02 */,
			);
			name = "GDG_WeeklyiOS_week4-Sumin";
			packageProductDependencies = (
			);
			productName = gdgoncammm02;
			productReference = 06CA14C52CDA176600DDC90D /* GDG_WeeklyiOS_week4-Sumin.app */;
			productType = "com.apple.product-type.application";
		};
		06CA14D42CDA176700DDC90D /* GDG_WeeklyiOS_week4-SuminTests */ = {
			isa = PBXNativeTarget;
			buildConfigurationList = 06CA14EC2CDA176700DDC90D /* Build configuration list for PBXNativeTarget "GDG_WeeklyiOS_week4-SuminTests" */;
			buildPhases = (
				06CA14D12CDA176700DDC90D /* Sources */,
				06CA14D22CDA176700DDC90D /* Frameworks */,
				06CA14D32CDA176700DDC90D /* Resources */,
			);
			buildRules = (
			);
			dependencies = (
				06CA14D72CDA176700DDC90D /* PBXTargetDependency */,
			);
			fileSystemSynchronizedGroups = (
				06CA14D82CDA176700DDC90D /* gdgoncammm02Tests */,
			);
			name = "GDG_WeeklyiOS_week4-SuminTests";
			packageProductDependencies = (
			);
			productName = gdgoncammm02Tests;
			productReference = 06CA14D52CDA176700DDC90D /* GDG_WeeklyiOS_week4-SuminTests.xctest */;
			productType = "com.apple.product-type.bundle.unit-test";
		};
		06CA14DE2CDA176700DDC90D /* GDG_WeeklyiOS_week4-SuminUITests */ = {
			isa = PBXNativeTarget;
			buildConfigurationList = 06CA14EF2CDA176700DDC90D /* Build configuration list for PBXNativeTarget "GDG_WeeklyiOS_week4-SuminUITests" */;
			buildPhases = (
				06CA14DB2CDA176700DDC90D /* Sources */,
				06CA14DC2CDA176700DDC90D /* Frameworks */,
				06CA14DD2CDA176700DDC90D /* Resources */,
			);
			buildRules = (
			);
			dependencies = (
				06CA14E12CDA176700DDC90D /* PBXTargetDependency */,
			);
			fileSystemSynchronizedGroups = (
				06CA14E22CDA176700DDC90D /* gdgoncammm02UITests */,
			);
			name = "GDG_WeeklyiOS_week4-SuminUITests";
			packageProductDependencies = (
			);
			productName = gdgoncammm02UITests;
			productReference = 06CA14DF2CDA176700DDC90D /* GDG_WeeklyiOS_week4-SuminUITests.xctest */;
			productType = "com.apple.product-type.bundle.ui-testing";
		};
/* End PBXNativeTarget section */

/* Begin PBXProject section */
		06CA14BD2CDA176600DDC90D /* Project object */ = {
			isa = PBXProject;
			attributes = {
				BuildIndependentTargetsInParallel = 1;
				LastSwiftUpdateCheck = 1600;
				LastUpgradeCheck = 1600;
				TargetAttributes = {
					06CA14C42CDA176600DDC90D = {
						CreatedOnToolsVersion = 16.0;
					};
					06CA14D42CDA176700DDC90D = {
						CreatedOnToolsVersion = 16.0;
						TestTargetID = 06CA14C42CDA176600DDC90D;
					};
					06CA14DE2CDA176700DDC90D = {
						CreatedOnToolsVersion = 16.0;
						TestTargetID = 06CA14C42CDA176600DDC90D;
					};
				};
			};
			buildConfigurationList = 06CA14C02CDA176600DDC90D /* Build configuration list for PBXProject "GDG_WeeklyiOS_week4-Sumin" */;
			developmentRegion = en;
			hasScannedForEncodings = 0;
			knownRegions = (
				en,
				Base,
			);
			mainGroup = 06CA14BC2CDA176600DDC90D;
			minimizedProjectReferenceProxies = 1;
			preferredProjectObjectVersion = 77;
			productRefGroup = 06CA14C62CDA176600DDC90D /* Products */;
			projectDirPath = "";
			projectRoot = "";
			targets = (
				06CA14C42CDA176600DDC90D /* GDG_WeeklyiOS_week4-Sumin */,
				06CA14D42CDA176700DDC90D /* GDG_WeeklyiOS_week4-SuminTests */,
				06CA14DE2CDA176700DDC90D /* GDG_WeeklyiOS_week4-SuminUITests */,
			);
		};
/* End PBXProject section */

/* Begin PBXResourcesBuildPhase section */
		06CA14C32CDA176600DDC90D /* Resources */ = {
			isa = PBXResourcesBuildPhase;
			buildActionMask = 2147483647;
			files = (
			);
			runOnlyForDeploymentPostprocessing = 0;
		};
		06CA14D32CDA176700DDC90D /* Resources */ = {
			isa = PBXResourcesBuildPhase;
			buildActionMask = 2147483647;
			files = (
			);
			runOnlyForDeploymentPostprocessing = 0;
		};
		06CA14DD2CDA176700DDC90D /* Resources */ = {
			isa = PBXResourcesBuildPhase;
			buildActionMask = 2147483647;
			files = (
			);
			runOnlyForDeploymentPostprocessing = 0;
		};
/* End PBXResourcesBuildPhase section */

/* Begin PBXSourcesBuildPhase section */
		06CA14C12CDA176600DDC90D /* Sources */ = {
			isa = PBXSourcesBuildPhase;
			buildActionMask = 2147483647;
			files = (
			);
			runOnlyForDeploymentPostprocessing = 0;
		};
		06CA14D12CDA176700DDC90D /* Sources */ = {
			isa = PBXSourcesBuildPhase;
			buildActionMask = 2147483647;
			files = (
			);
			runOnlyForDeploymentPostprocessing = 0;
		};
		06CA14DB2CDA176700DDC90D /* Sources */ = {
			isa = PBXSourcesBuildPhase;
			buildActionMask = 2147483647;
			files = (
			);
			runOnlyForDeploymentPostprocessing = 0;
		};
/* End PBXSourcesBuildPhase section */

/* Begin PBXTargetDependency section */
		06CA14D72CDA176700DDC90D /* PBXTargetDependency */ = {
			isa = PBXTargetDependency;
			target = 06CA14C42CDA176600DDC90D /* GDG_WeeklyiOS_week4-Sumin */;
			targetProxy = 06CA14D62CDA176700DDC90D /* PBXContainerItemProxy */;
		};
		06CA14E12CDA176700DDC90D /* PBXTargetDependency */ = {
			isa = PBXTargetDependency;
			target = 06CA14C42CDA176600DDC90D /* GDG_WeeklyiOS_week4-Sumin */;
			targetProxy = 06CA14E02CDA176700DDC90D /* PBXContainerItemProxy */;
		};
/* End PBXTargetDependency section */

/* Begin XCBuildConfiguration section */
		06CA14E72CDA176700DDC90D /* Debug */ = {
			isa = XCBuildConfiguration;
			buildSettings = {
				ALWAYS_SEARCH_USER_PATHS = NO;
				ASSETCATALOG_COMPILER_GENERATE_SWIFT_ASSET_SYMBOL_EXTENSIONS = YES;
				CLANG_ANALYZER_NONNULL = YES;
				CLANG_ANALYZER_NUMBER_OBJECT_CONVERSION = YES_AGGRESSIVE;
				CLANG_CXX_LANGUAGE_STANDARD = "gnu++20";
				CLANG_ENABLE_MODULES = YES;
				CLANG_ENABLE_OBJC_ARC = YES;
				CLANG_ENABLE_OBJC_WEAK = YES;
				CLANG_WARN_BLOCK_CAPTURE_AUTORELEASING = YES;
				CLANG_WARN_BOOL_CONVERSION = YES;
				CLANG_WARN_COMMA = YES;
				CLANG_WARN_CONSTANT_CONVERSION = YES;
				CLANG_WARN_DEPRECATED_OBJC_IMPLEMENTATIONS = YES;
				CLANG_WARN_DIRECT_OBJC_ISA_USAGE = YES_ERROR;
				CLANG_WARN_DOCUMENTATION_COMMENTS = YES;
				CLANG_WARN_EMPTY_BODY = YES;
				CLANG_WARN_ENUM_CONVERSION = YES;
				CLANG_WARN_INFINITE_RECURSION = YES;
				CLANG_WARN_INT_CONVERSION = YES;
				CLANG_WARN_NON_LITERAL_NULL_CONVERSION = YES;
				CLANG_WARN_OBJC_IMPLICIT_RETAIN_SELF = YES;
				CLANG_WARN_OBJC_LITERAL_CONVERSION = YES;
				CLANG_WARN_OBJC_ROOT_CLASS = YES_ERROR;
				CLANG_WARN_QUOTED_INCLUDE_IN_FRAMEWORK_HEADER = YES;
				CLANG_WARN_RANGE_LOOP_ANALYSIS = YES;
				CLANG_WARN_STRICT_PROTOTYPES = YES;
				CLANG_WARN_SUSPICIOUS_MOVE = YES;
				CLANG_WARN_UNGUARDED_AVAILABILITY = YES_AGGRESSIVE;
				CLANG_WARN_UNREACHABLE_CODE = YES;
				CLANG_WARN__DUPLICATE_METHOD_MATCH = YES;
				COPY_PHASE_STRIP = NO;
				DEBUG_INFORMATION_FORMAT = dwarf;
				ENABLE_STRICT_OBJC_MSGSEND = YES;
				ENABLE_TESTABILITY = YES;
				ENABLE_USER_SCRIPT_SANDBOXING = YES;
				GCC_C_LANGUAGE_STANDARD = gnu17;
				GCC_DYNAMIC_NO_PIC = NO;
				GCC_NO_COMMON_BLOCKS = YES;
				GCC_OPTIMIZATION_LEVEL = 0;
				GCC_PREPROCESSOR_DEFINITIONS = (
					"DEBUG=1",
					"$(inherited)",
				);
				GCC_WARN_64_TO_32_BIT_CONVERSION = YES;
				GCC_WARN_ABOUT_RETURN_TYPE = YES_ERROR;
				GCC_WARN_UNDECLARED_SELECTOR = YES;
				GCC_WARN_UNINITIALIZED_AUTOS = YES_AGGRESSIVE;
				GCC_WARN_UNUSED_FUNCTION = YES;
				GCC_WARN_UNUSED_VARIABLE = YES;
				IPHONEOS_DEPLOYMENT_TARGET = 18.0;
				LOCALIZATION_PREFERS_STRING_CATALOGS = YES;
				MTL_ENABLE_DEBUG_INFO = INCLUDE_SOURCE;
				MTL_FAST_MATH = YES;
				ONLY_ACTIVE_ARCH = YES;
				SDKROOT = iphoneos;
				SWIFT_ACTIVE_COMPILATION_CONDITIONS = "DEBUG $(inherited)";
				SWIFT_OPTIMIZATION_LEVEL = "-Onone";
			};
			name = Debug;
		};
		06CA14E82CDA176700DDC90D /* Release */ = {
			isa = XCBuildConfiguration;
			buildSettings = {
				ALWAYS_SEARCH_USER_PATHS = NO;
				ASSETCATALOG_COMPILER_GENERATE_SWIFT_ASSET_SYMBOL_EXTENSIONS = YES;
				CLANG_ANALYZER_NONNULL = YES;
				CLANG_ANALYZER_NUMBER_OBJECT_CONVERSION = YES_AGGRESSIVE;
				CLANG_CXX_LANGUAGE_STANDARD = "gnu++20";
				CLANG_ENABLE_MODULES = YES;
				CLANG_ENABLE_OBJC_ARC = YES;
				CLANG_ENABLE_OBJC_WEAK = YES;
				CLANG_WARN_BLOCK_CAPTURE_AUTORELEASING = YES;
				CLANG_WARN_BOOL_CONVERSION = YES;
				CLANG_WARN_COMMA = YES;
				CLANG_WARN_CONSTANT_CONVERSION = YES;
				CLANG_WARN_DEPRECATED_OBJC_IMPLEMENTATIONS = YES;
				CLANG_WARN_DIRECT_OBJC_ISA_USAGE = YES_ERROR;
				CLANG_WARN_DOCUMENTATION_COMMENTS = YES;
				CLANG_WARN_EMPTY_BODY = YES;
				CLANG_WARN_ENUM_CONVERSION = YES;
				CLANG_WARN_INFINITE_RECURSION = YES;
				CLANG_WARN_INT_CONVERSION = YES;
				CLANG_WARN_NON_LITERAL_NULL_CONVERSION = YES;
				CLANG_WARN_OBJC_IMPLICIT_RETAIN_SELF = YES;
				CLANG_WARN_OBJC_LITERAL_CONVERSION = YES;
				CLANG_WARN_OBJC_ROOT_CLASS = YES_ERROR;
				CLANG_WARN_QUOTED_INCLUDE_IN_FRAMEWORK_HEADER = YES;
				CLANG_WARN_RANGE_LOOP_ANALYSIS = YES;
				CLANG_WARN_STRICT_PROTOTYPES = YES;
				CLANG_WARN_SUSPICIOUS_MOVE = YES;
				CLANG_WARN_UNGUARDED_AVAILABILITY = YES_AGGRESSIVE;
				CLANG_WARN_UNREACHABLE_CODE = YES;
				CLANG_WARN__DUPLICATE_METHOD_MATCH = YES;
				COPY_PHASE_STRIP = NO;
				DEBUG_INFORMATION_FORMAT = "dwarf-with-dsym";
				ENABLE_NS_ASSERTIONS = NO;
				ENABLE_STRICT_OBJC_MSGSEND = YES;
				ENABLE_USER_SCRIPT_SANDBOXING = YES;
				GCC_C_LANGUAGE_STANDARD = gnu17;
				GCC_NO_COMMON_BLOCKS = YES;
				GCC_WARN_64_TO_32_BIT_CONVERSION = YES;
				GCC_WARN_ABOUT_RETURN_TYPE = YES_ERROR;
				GCC_WARN_UNDECLARED_SELECTOR = YES;
				GCC_WARN_UNINITIALIZED_AUTOS = YES_AGGRESSIVE;
				GCC_WARN_UNUSED_FUNCTION = YES;
				GCC_WARN_UNUSED_VARIABLE = YES;
				IPHONEOS_DEPLOYMENT_TARGET = 18.0;
				LOCALIZATION_PREFERS_STRING_CATALOGS = YES;
				MTL_ENABLE_DEBUG_INFO = NO;
				MTL_FAST_MATH = YES;
				SDKROOT = iphoneos;
				SWIFT_COMPILATION_MODE = wholemodule;
				VALIDATE_PRODUCT = YES;
			};
			name = Release;
		};
		06CA14EA2CDA176700DDC90D /* Debug */ = {
			isa = XCBuildConfiguration;
			buildSettings = {
				ASSETCATALOG_COMPILER_APPICON_NAME = AppIcon;
				ASSETCATALOG_COMPILER_GLOBAL_ACCENT_COLOR_NAME = AccentColor;
				CODE_SIGN_STYLE = Automatic;
				CURRENT_PROJECT_VERSION = 1;
				DEVELOPMENT_ASSET_PATHS = "\"gdgoncammm02/Preview Content\"";
				DEVELOPMENT_TEAM = BY5DBLMC8V;
				ENABLE_PREVIEWS = YES;
				GENERATE_INFOPLIST_FILE = YES;
				INFOPLIST_KEY_UIApplicationSceneManifest_Generation = YES;
				INFOPLIST_KEY_UIApplicationSupportsIndirectInputEvents = YES;
				INFOPLIST_KEY_UILaunchScreen_Generation = YES;
				INFOPLIST_KEY_UISupportedInterfaceOrientations_iPad = "UIInterfaceOrientationPortrait UIInterfaceOrientationPortraitUpsideDown UIInterfaceOrientationLandscapeLeft UIInterfaceOrientationLandscapeRight";
				INFOPLIST_KEY_UISupportedInterfaceOrientations_iPhone = "UIInterfaceOrientationPortrait UIInterfaceOrientationLandscapeLeft UIInterfaceOrientationLandscapeRight";
				LD_RUNPATH_SEARCH_PATHS = (
					"$(inherited)",
					"@executable_path/Frameworks",
				);
				MARKETING_VERSION = 1.0;
				PRODUCT_BUNDLE_IDENTIFIER = gdgoncampus.gdgoncammm02;
				PRODUCT_NAME = "$(TARGET_NAME)";
				SWIFT_EMIT_LOC_STRINGS = YES;
				SWIFT_VERSION = 5.0;
				TARGETED_DEVICE_FAMILY = "1,2";
			};
			name = Debug;
		};
		06CA14EB2CDA176700DDC90D /* Release */ = {
			isa = XCBuildConfiguration;
			buildSettings = {
				ASSETCATALOG_COMPILER_APPICON_NAME = AppIcon;
				ASSETCATALOG_COMPILER_GLOBAL_ACCENT_COLOR_NAME = AccentColor;
				CODE_SIGN_STYLE = Automatic;
				CURRENT_PROJECT_VERSION = 1;
				DEVELOPMENT_ASSET_PATHS = "\"gdgoncammm02/Preview Content\"";
				DEVELOPMENT_TEAM = BY5DBLMC8V;
				ENABLE_PREVIEWS = YES;
				GENERATE_INFOPLIST_FILE = YES;
				INFOPLIST_KEY_UIApplicationSceneManifest_Generation = YES;
				INFOPLIST_KEY_UIApplicationSupportsIndirectInputEvents = YES;
				INFOPLIST_KEY_UILaunchScreen_Generation = YES;
				INFOPLIST_KEY_UISupportedInterfaceOrientations_iPad = "UIInterfaceOrientationPortrait UIInterfaceOrientationPortraitUpsideDown UIInterfaceOrientationLandscapeLeft UIInterfaceOrientationLandscapeRight";
				INFOPLIST_KEY_UISupportedInterfaceOrientations_iPhone = "UIInterfaceOrientationPortrait UIInterfaceOrientationLandscapeLeft UIInterfaceOrientationLandscapeRight";
				LD_RUNPATH_SEARCH_PATHS = (
					"$(inherited)",
					"@executable_path/Frameworks",
				);
				MARKETING_VERSION = 1.0;
				PRODUCT_BUNDLE_IDENTIFIER = gdgoncampus.gdgoncammm02;
				PRODUCT_NAME = "$(TARGET_NAME)";
				SWIFT_EMIT_LOC_STRINGS = YES;
				SWIFT_VERSION = 5.0;
				TARGETED_DEVICE_FAMILY = "1,2";
			};
			name = Release;
		};
		06CA14ED2CDA176700DDC90D /* Debug */ = {
			isa = XCBuildConfiguration;
			buildSettings = {
				BUNDLE_LOADER = "$(TEST_HOST)";
				CODE_SIGN_STYLE = Automatic;
				CURRENT_PROJECT_VERSION = 1;
				DEVELOPMENT_TEAM = BY5DBLMC8V;
				GENERATE_INFOPLIST_FILE = YES;
				IPHONEOS_DEPLOYMENT_TARGET = 18.0;
				MARKETING_VERSION = 1.0;
				PRODUCT_BUNDLE_IDENTIFIER = gdgoncampus.gdgoncammm02Tests;
				PRODUCT_NAME = "$(TARGET_NAME)";
				SWIFT_EMIT_LOC_STRINGS = NO;
				SWIFT_VERSION = 5.0;
				TARGETED_DEVICE_FAMILY = "1,2";
				TEST_HOST = "$(BUILT_PRODUCTS_DIR)/GDG_WeeklyiOS_week4-Sumin.app/$(BUNDLE_EXECUTABLE_FOLDER_PATH)/GDG_WeeklyiOS_week4-Sumin";
			};
			name = Debug;
		};
		06CA14EE2CDA176700DDC90D /* Release */ = {
			isa = XCBuildConfiguration;
			buildSettings = {
				BUNDLE_LOADER = "$(TEST_HOST)";
				CODE_SIGN_STYLE = Automatic;
				CURRENT_PROJECT_VERSION = 1;
				DEVELOPMENT_TEAM = BY5DBLMC8V;
				GENERATE_INFOPLIST_FILE = YES;
				IPHONEOS_DEPLOYMENT_TARGET = 18.0;
				MARKETING_VERSION = 1.0;
				PRODUCT_BUNDLE_IDENTIFIER = gdgoncampus.gdgoncammm02Tests;
				PRODUCT_NAME = "$(TARGET_NAME)";
				SWIFT_EMIT_LOC_STRINGS = NO;
				SWIFT_VERSION = 5.0;
				TARGETED_DEVICE_FAMILY = "1,2";
				TEST_HOST = "$(BUILT_PRODUCTS_DIR)/GDG_WeeklyiOS_week4-Sumin.app/$(BUNDLE_EXECUTABLE_FOLDER_PATH)/GDG_WeeklyiOS_week4-Sumin";
			};
			name = Release;
		};
		06CA14F02CDA176700DDC90D /* Debug */ = {
			isa = XCBuildConfiguration;
			buildSettings = {
				CODE_SIGN_STYLE = Automatic;
				CURRENT_PROJECT_VERSION = 1;
				DEVELOPMENT_TEAM = BY5DBLMC8V;
				GENERATE_INFOPLIST_FILE = YES;
				MARKETING_VERSION = 1.0;
				PRODUCT_BUNDLE_IDENTIFIER = gdgoncampus.gdgoncammm02UITests;
				PRODUCT_NAME = "$(TARGET_NAME)";
				SWIFT_EMIT_LOC_STRINGS = NO;
				SWIFT_VERSION = 5.0;
				TARGETED_DEVICE_FAMILY = "1,2";
				TEST_TARGET_NAME = gdgoncammm02;
			};
			name = Debug;
		};
		06CA14F12CDA176700DDC90D /* Release */ = {
			isa = XCBuildConfiguration;
			buildSettings = {
				CODE_SIGN_STYLE = Automatic;
				CURRENT_PROJECT_VERSION = 1;
				DEVELOPMENT_TEAM = BY5DBLMC8V;
				GENERATE_INFOPLIST_FILE = YES;
				MARKETING_VERSION = 1.0;
				PRODUCT_BUNDLE_IDENTIFIER = gdgoncampus.gdgoncammm02UITests;
				PRODUCT_NAME = "$(TARGET_NAME)";
				SWIFT_EMIT_LOC_STRINGS = NO;
				SWIFT_VERSION = 5.0;
				TARGETED_DEVICE_FAMILY = "1,2";
				TEST_TARGET_NAME = gdgoncammm02;
			};
			name = Release;
		};
/* End XCBuildConfiguration section */

/* Begin XCConfigurationList section */
		06CA14C02CDA176600DDC90D /* Build configuration list for PBXProject "GDG_WeeklyiOS_week4-Sumin" */ = {
			isa = XCConfigurationList;
			buildConfigurations = (
				06CA14E72CDA176700DDC90D /* Debug */,
				06CA14E82CDA176700DDC90D /* Release */,
			);
			defaultConfigurationIsVisible = 0;
			defaultConfigurationName = Release;
		};
		06CA14E92CDA176700DDC90D /* Build configuration list for PBXNativeTarget "GDG_WeeklyiOS_week4-Sumin" */ = {
			isa = XCConfigurationList;
			buildConfigurations = (
				06CA14EA2CDA176700DDC90D /* Debug */,
				06CA14EB2CDA176700DDC90D /* Release */,
			);
			defaultConfigurationIsVisible = 0;
			defaultConfigurationName = Release;
		};
		06CA14EC2CDA176700DDC90D /* Build configuration list for PBXNativeTarget "GDG_WeeklyiOS_week4-SuminTests" */ = {
			isa = XCConfigurationList;
			buildConfigurations = (
				06CA14ED2CDA176700DDC90D /* Debug */,
				06CA14EE2CDA176700DDC90D /* Release */,
			);
			defaultConfigurationIsVisible = 0;
			defaultConfigurationName = Release;
		};
		06CA14EF2CDA176700DDC90D /* Build configuration list for PBXNativeTarget "GDG_WeeklyiOS_week4-SuminUITests" */ = {
			isa = XCConfigurationList;
			buildConfigurations = (
				06CA14F02CDA176700DDC90D /* Debug */,
				06CA14F12CDA176700DDC90D /* Release */,
			);
			defaultConfigurationIsVisible = 0;
			defaultConfigurationName = Release;
		};
/* End XCConfigurationList section */
	};
	rootObject = 06CA14BD2CDA176600DDC90D /* Project object */;
}
